# THIS IS AN AUTOGENERATED FILE. DO NOT EDIT THIS FILE DIRECTLY.
# yarn lockfile v1


fp-ts@^2.0.5:
  version "2.0.5"
  resolved "https://registry.yarnpkg.com/fp-ts/-/fp-ts-2.0.5.tgz#9560d8a6a4f53cbda9f9b31ed8d1458e41939e07"
  integrity sha512-opI5r+rVlpZE7Rhk0YtqsrmxGkbIw0dRNqGca8FEAMMnjomXotG+R9QkLQg20onx7R8qhepAn4CCOP8usma/Xw==

io-ts-types@0.5.0:
  version "0.5.0"
  resolved "https://registry.yarnpkg.com/io-ts-types/-/io-ts-types-0.5.0.tgz#f69be9131362c31bbc6b5044f1d95892604f8f23"
  integrity sha512-+v88rlA76FmlQQcTImFq5iigoPA3OKO+BIdrpsfXlhWUdiVvOnDDiLKCsiIAW9eRj+OJgG31Sctebr77bqKhzw==

io-ts@2.0.1:
  version "2.0.1"
  resolved "https://registry.yarnpkg.com/io-ts/-/io-ts-2.0.1.tgz#1261c12f915c2f48d16393a36966636b48a45aa1"
  integrity sha512-RezD+WcCfW4VkMkEcQWL/Nmy/nqsWTvTYg7oUmTGzglvSSV2P9h2z1PVeREPFf0GWNzruYleAt1XCMQZSg1xxQ==

monocle-ts@^2.0.0:
  version "2.0.0"
  resolved "https://registry.yarnpkg.com/monocle-ts/-/monocle-ts-2.0.0.tgz#f695dbfb5b017846d95f0c377bd4c8acb10f7e02"
  integrity sha512-vPM02WypUz0Xo2MtLUPgvdelCRn70VT05pdAB7qmHJSNY4CAoQt3ClpH77AG3yZk7PY8CA6++ezHcENUDOiuEA==

typescript@3.6.2:
  version "3.6.2"
  resolved "https://registry.yarnpkg.com/typescript/-/typescript-3.6.2.tgz#105b0f1934119dde543ac8eb71af3a91009efe54"
  integrity sha512-lmQ4L+J6mnu3xweP8+rOrUwzmN+MRAj7TgtJtDaXE5PMyX2kCrklhg3rvOsOIfNeAWMQWO2F1GPc1kMD2vLAfw==
