# THIS IS AN AUTOGENERATED FILE. DO NOT EDIT THIS FILE DIRECTLY.
# yarn lockfile v1


fp-ts@^1.0.0:
  version "1.19.4"
  resolved "https://registry.yarnpkg.com/fp-ts/-/fp-ts-1.19.4.tgz#258ac247b79ac0ea82a91b31b665a93f735e7636"
  integrity sha512-/gCyXWxe2ncEeXqKqVUOVRDQvN8UVDfPgRsP2coix8YvVNgaxppRiQQ6wZsEuouL0EQFK0yXrqRgzO/NBowMvA==

io-ts-types@0.4.2:
  version "0.4.2"
  resolved "https://registry.yarnpkg.com/io-ts-types/-/io-ts-types-0.4.2.tgz#e5234e6fe18172a31f5f95ddebeebcd339aaaa15"
  integrity sha512-BzKCUlZ0wNRjbCpJ2678ti184swnPxKJ57np46VYEoSK5q6mVNrn5kkZqY9c6n+FyauTOYD9Q419W80TNz+vJA==
  dependencies:
    fp-ts "^1.0.0"
    io-ts "^1.7.1"
    monocle-ts "^1.0.0"
    newtype-ts "^0.2.1"

io-ts@1.8.1:
  version "1.8.1"
  resolved "https://registry.yarnpkg.com/io-ts/-/io-ts-1.8.1.tgz#8e4534e5eb491f0b624394ba42085f68dc84268b"
  integrity sha512-MhFHaBbzw1MK6s16QPW8Tgkj5SW5wBjeQERsk5hupfBSC6WQeQ4MoPACPbm7LUUXU8jZJaqrVGuBTWqCuZYP0A==
  dependencies:
    fp-ts "^1.0.0"

io-ts@^1.7.1:
  version "1.10.4"
  resolved "https://registry.yarnpkg.com/io-ts/-/io-ts-1.10.4.tgz#cd5401b138de88e4f920adbcb7026e2d1967e6e2"
  integrity sha512-b23PteSnYXSONJ6JQXRAlvJhuw8KOtkqa87W4wDtvMrud/DTJd5X+NpOOI+O/zZwVq6v0VLAaJ+1EDViKEuN9g==
  dependencies:
    fp-ts "^1.0.0"

monocle-ts@^1.0.0:
  version "1.7.2"
  resolved "https://registry.yarnpkg.com/monocle-ts/-/monocle-ts-1.7.2.tgz#d9825ae18846ab63f915cb6f2194a78a40025610"
  integrity sha512-F08hPUzQ14vOtac2vOagnvXPr0R0MRKWXF6Bwd3gQ4XnV2qfU0MzPL+L18kX4dXBkat74pxbL88V1BjAj3YOWg==

newtype-ts@^0.2.1:
  version "0.2.4"
  resolved "https://registry.yarnpkg.com/newtype-ts/-/newtype-ts-0.2.4.tgz#a02a8f160a3d179f871848d687a93de73a964a41"
  integrity sha512-HrzPdG0+0FK1qHbc3ld/HXu252OYgmN993bFxUtZ6NFCLUk1eq+yKwdvP07BblXQibGqMWNXBUrNoLUq23Ma2Q==
  dependencies:
    fp-ts "^1.0.0"
    monocle-ts "^1.0.0"

typescript@3.3.3:
  version "3.3.3"
  resolved "https://registry.yarnpkg.com/typescript/-/typescript-3.3.3.tgz#f1657fc7daa27e1a8930758ace9ae8da31403221"
  integrity sha512-Y21Xqe54TBVp+VDSNbuDYdGw0BpoR/Q6wo/+35M8PAU0vipahnyduJWirxxdxjsAkS7hue53x2zp8gz7F05u0A==
